
Microsoft Visual Studio Solution File, Format Version 12.00
# Visual Studio Version 16
VisualStudioVersion = 16.0.29519.181
MinimumVisualStudioVersion = 10.0.40219.1
Project("{FAE04EC0-301F-11D3-BF4B-00C04F79EFBC}") = "Employees", "Employees.csproj", "{5C1DE730-6B75-4149-90E5-30B8F89248CF}"
EndProject
Global
	GlobalSection(SolutionConfigurationPlatforms) = preSolution
		Debug|Any CPU = Debug|Any CPU
		Release|Any CPU = Release|Any CPU
	EndGlobalSection
	GlobalSection(ProjectConfigurationPlatforms) = postSolution
		{5C1DE730-6B75-4149-90E5-30B8F89248CF}.Debug|Any CPU.ActiveCfg = Debug|Any CPU
		{5C1DE730-6B75-4149-90E5-30B8F89248CF}.Debug|Any CPU.Build.0 = Debug|Any CPU
		{5C1DE730-6B75-4149-90E5-30B8F89248CF}.Release|Any CPU.ActiveCfg = Release|Any CPU
		{5C1DE730-6B75-4149-90E5-30B8F89248CF}.Release|Any CPU.Build.0 = Release|Any CPU
	EndGlobalSection
	GlobalSection(SolutionProperties) = preSolution
		HideSolutionNode = FALSE
	EndGlobalSection
	GlobalSection(ExtensibilityGlobals) = postSolution
		SolutionGuid = {142F6B36-8E52-42B8-9C40-E883D939698E}
	EndGlobalSection
EndGlobal
